
Microsoft Visual Studio Solution File, Format Version 12.00
# Visual Studio Version 17
VisualStudioVersion = 17.2.32526.322
MinimumVisualStudioVersion = 10.0.40219.1
Project("{FAE04EC0-301F-11D3-BF4B-00C04F79EFBC}") = "WFORMS HW", "WFORMS HW\WFORMS HW.csproj", "{51B99CD7-E951-4846-9C0B-12C6C51192E5}"
EndProject
Global
	GlobalSection(SolutionConfigurationPlatforms) = preSolution
		Debug|Any CPU = Debug|Any CPU
		Release|Any CPU = Release|Any CPU
	EndGlobalSection
	GlobalSection(ProjectConfigurationPlatforms) = postSolution
		{51B99CD7-E951-4846-9C0B-12C6C51192E5}.Debug|Any CPU.ActiveCfg = Debug|Any CPU
		{51B99CD7-E951-4846-9C0B-12C6C51192E5}.Debug|Any CPU.Build.0 = Debug|Any CPU
		{51B99CD7-E951-4846-9C0B-12C6C51192E5}.Release|Any CPU.ActiveCfg = Release|Any CPU
		{51B99CD7-E951-4846-9C0B-12C6C51192E5}.Release|Any CPU.Build.0 = Release|Any CPU
	EndGlobalSection
	GlobalSection(SolutionProperties) = preSolution
		HideSolutionNode = FALSE
	EndGlobalSection
	GlobalSection(ExtensibilityGlobals) = postSolution
		SolutionGuid = {388C6BD7-8AFD-436D-8F9F-FA7C23842D57}
	EndGlobalSection
EndGlobal
